
Microsoft Visual Studio Solution File, Format Version 12.00
# Visual Studio Version 16
VisualStudioVersion = 16.0.32002.261
MinimumVisualStudioVersion = 10.0.40219.1
Project("{FAE04EC0-301F-11D3-BF4B-00C04F79EFBC}") = "Lab11", "Lab11\Lab11.csproj", "{6620BF9D-B473-4212-8362-EE9384847AE3}"
EndProject
Global
	GlobalSection(SolutionConfigurationPlatforms) = preSolution
		Debug|Any CPU = Debug|Any CPU
		Release|Any CPU = Release|Any CPU
	EndGlobalSection
	GlobalSection(ProjectConfigurationPlatforms) = postSolution
		{6620BF9D-B473-4212-8362-EE9384847AE3}.Debug|Any CPU.ActiveCfg = Debug|Any CPU
		{6620BF9D-B473-4212-8362-EE9384847AE3}.Debug|Any CPU.Build.0 = Debug|Any CPU
		{6620BF9D-B473-4212-8362-EE9384847AE3}.Release|Any CPU.ActiveCfg = Release|Any CPU
		{6620BF9D-B473-4212-8362-EE9384847AE3}.Release|Any CPU.Build.0 = Release|Any CPU
	EndGlobalSection
	GlobalSection(SolutionProperties) = preSolution
		HideSolutionNode = FALSE
	EndGlobalSection
	GlobalSection(ExtensibilityGlobals) = postSolution
		SolutionGuid = {3DDDB6A3-979A-45BE-86F7-5EAFFA2F8575}
	EndGlobalSection
EndGlobal
